
Microsoft Visual Studio Solution File, Format Version 12.00
# Visual Studio Version 17
VisualStudioVersion = 17.4.33213.308
MinimumVisualStudioVersion = 10.0.40219.1
Project("{FAE04EC0-301F-11D3-BF4B-00C04F79EFBC}") = "UnitOfWorkPattern", "UnitOfWorkPattern\UnitOfWorkPattern.csproj", "{89EDB36A-4604-4ABD-9C7E-C0C36D9BC0D4}"
EndProject
Global
	GlobalSection(SolutionConfigurationPlatforms) = preSolution
		Debug|Any CPU = Debug|Any CPU
		Release|Any CPU = Release|Any CPU
	EndGlobalSection
	GlobalSection(ProjectConfigurationPlatforms) = postSolution
		{89EDB36A-4604-4ABD-9C7E-C0C36D9BC0D4}.Debug|Any CPU.ActiveCfg = Debug|Any CPU
		{89EDB36A-4604-4ABD-9C7E-C0C36D9BC0D4}.Debug|Any CPU.Build.0 = Debug|Any CPU
		{89EDB36A-4604-4ABD-9C7E-C0C36D9BC0D4}.Release|Any CPU.ActiveCfg = Release|Any CPU
		{89EDB36A-4604-4ABD-9C7E-C0C36D9BC0D4}.Release|Any CPU.Build.0 = Release|Any CPU
	EndGlobalSection
	GlobalSection(SolutionProperties) = preSolution
		HideSolutionNode = FALSE
	EndGlobalSection
	GlobalSection(ExtensibilityGlobals) = postSolution
		SolutionGuid = {B94DC6EF-1760-4305-B1C1-88A4B42238C5}
	EndGlobalSection
EndGlobal
